# THIS IS AN AUTOGENERATED FILE. DO NOT EDIT THIS FILE DIRECTLY.
# yarn lockfile v1


js-pinyin@^0.1.9:
  version "0.1.9"
  resolved "https://registry.npmmirror.com/js-pinyin/-/js-pinyin-0.1.9.tgz#cdf19335645ddb20d4630df1058aac25d256adfd"
  integrity sha512-svn/0UsB2daFriHmqfCYX2xFWaNJs0iyoCMHVIwTFdc86mZhP0ZXfgI02/K1BC7aNE4fMjxx2kZMJBZ21kvp+Q==
